{
  "name": "ajs-test",
  "version": "1.0.0",
  "lockfileVersion": 1,
  "requires": true,
  "dependencies": {
    "@warmandev/ajs": {
      "version": "1.0.0",
      "resolved": "https://npm.pkg.github.com/download/@warmandev/ajs/1.0.0/cd172477c1509ee8a00853c7ca0b5b236848b353",
      "integrity": "sha512-Ig7K+3z8Fd50Qts9q7Ll8nC21YgeyXmzdx3A+Pg8kvMlOxvF17OjPB8cxAMe0rYgTsbUNXEmQOS609YAQyWFKw=="
    }
  }
}
